
Microsoft Visual Studio Solution File, Format Version 12.00
# Visual Studio Version 17
VisualStudioVersion = 17.14.36414.22 d17.14
MinimumVisualStudioVersion = 10.0.40219.1
Project("{FAE04EC0-301F-11D3-BF4B-00C04F79EFBC}") = "Ejercicio AutoRent Express Alan Mogliani 875652", "Ejercicio AutoRent Express Alan Mogliani 875652\Ejercicio AutoRent Express Alan Mogliani 875652.csproj", "{51B4CE4E-88FD-46C7-ACF8-DB967F6C84E2}"
EndProject
Global
	GlobalSection(SolutionConfigurationPlatforms) = preSolution
		Debug|Any CPU = Debug|Any CPU
		Release|Any CPU = Release|Any CPU
	EndGlobalSection
	GlobalSection(ProjectConfigurationPlatforms) = postSolution
		{51B4CE4E-88FD-46C7-ACF8-DB967F6C84E2}.Debug|Any CPU.ActiveCfg = Debug|Any CPU
		{51B4CE4E-88FD-46C7-ACF8-DB967F6C84E2}.Debug|Any CPU.Build.0 = Debug|Any CPU
		{51B4CE4E-88FD-46C7-ACF8-DB967F6C84E2}.Release|Any CPU.ActiveCfg = Release|Any CPU
		{51B4CE4E-88FD-46C7-ACF8-DB967F6C84E2}.Release|Any CPU.Build.0 = Release|Any CPU
	EndGlobalSection
	GlobalSection(SolutionProperties) = preSolution
		HideSolutionNode = FALSE
	EndGlobalSection
	GlobalSection(ExtensibilityGlobals) = postSolution
		SolutionGuid = {09DF1AE2-5FE7-43D7-A575-C6379BA29FF3}
	EndGlobalSection
EndGlobal
